
Microsoft Visual Studio Solution File, Format Version 12.00
# Visual Studio Version 16
VisualStudioVersion = 16.0.29215.179
MinimumVisualStudioVersion = 10.0.40219.1
Project("{FAE04EC0-301F-11D3-BF4B-00C04F79EFBC}") = "SpiderShark.Api", "SpiderShark.Api.csproj", "{3390ABA4-2B0F-4482-A9DC-20E3807CFF5A}"
EndProject
Project("{FAE04EC0-301F-11D3-BF4B-00C04F79EFBC}") = "SpiderShark.Domain", "..\SpiderShark.Domain\SpiderShark.Domain.csproj", "{1CEC382D-E4E8-4CBA-BF35-991CED4CF367}"
EndProject
Project("{FAE04EC0-301F-11D3-BF4B-00C04F79EFBC}") = "SpiderShark.Gateway", "..\SpiderShark.Gateway\SpiderShark.Gateway.csproj", "{0CF79F97-A14C-4E2B-ABC3-19A93D266674}"
EndProject
Global
	GlobalSection(SolutionConfigurationPlatforms) = preSolution
		Debug|Any CPU = Debug|Any CPU
		Release|Any CPU = Release|Any CPU
	EndGlobalSection
	GlobalSection(ProjectConfigurationPlatforms) = postSolution
		{3390ABA4-2B0F-4482-A9DC-20E3807CFF5A}.Debug|Any CPU.ActiveCfg = Debug|Any CPU
		{3390ABA4-2B0F-4482-A9DC-20E3807CFF5A}.Debug|Any CPU.Build.0 = Debug|Any CPU
		{3390ABA4-2B0F-4482-A9DC-20E3807CFF5A}.Release|Any CPU.ActiveCfg = Release|Any CPU
		{3390ABA4-2B0F-4482-A9DC-20E3807CFF5A}.Release|Any CPU.Build.0 = Release|Any CPU
		{1CEC382D-E4E8-4CBA-BF35-991CED4CF367}.Debug|Any CPU.ActiveCfg = Debug|Any CPU
		{1CEC382D-E4E8-4CBA-BF35-991CED4CF367}.Debug|Any CPU.Build.0 = Debug|Any CPU
		{1CEC382D-E4E8-4CBA-BF35-991CED4CF367}.Release|Any CPU.ActiveCfg = Release|Any CPU
		{1CEC382D-E4E8-4CBA-BF35-991CED4CF367}.Release|Any CPU.Build.0 = Release|Any CPU
		{0CF79F97-A14C-4E2B-ABC3-19A93D266674}.Debug|Any CPU.ActiveCfg = Debug|Any CPU
		{0CF79F97-A14C-4E2B-ABC3-19A93D266674}.Debug|Any CPU.Build.0 = Debug|Any CPU
		{0CF79F97-A14C-4E2B-ABC3-19A93D266674}.Release|Any CPU.ActiveCfg = Release|Any CPU
		{0CF79F97-A14C-4E2B-ABC3-19A93D266674}.Release|Any CPU.Build.0 = Release|Any CPU
	EndGlobalSection
	GlobalSection(SolutionProperties) = preSolution
		HideSolutionNode = FALSE
	EndGlobalSection
	GlobalSection(ExtensibilityGlobals) = postSolution
		SolutionGuid = {C6F52BE6-B4AA-4B70-B9B1-ABCD8E4A74CC}
	EndGlobalSection
EndGlobal
